
Microsoft Visual Studio Solution File, Format Version 12.00
# Visual Studio Version 17
VisualStudioVersion = 17.13.35919.96
MinimumVisualStudioVersion = 10.0.40219.1
Project("{FAE04EC0-301F-11D3-BF4B-00C04F79EFBC}") = "VeeamDirsync", "VeeamDirsync.csproj", "{EA2C574E-0400-4BEA-A42D-21E336BE825B}"
EndProject
Global
	GlobalSection(SolutionConfigurationPlatforms) = preSolution
		Debug|Any CPU = Debug|Any CPU
		Release|Any CPU = Release|Any CPU
	EndGlobalSection
	GlobalSection(ProjectConfigurationPlatforms) = postSolution
		{EA2C574E-0400-4BEA-A42D-21E336BE825B}.Debug|Any CPU.ActiveCfg = Debug|Any CPU
		{EA2C574E-0400-4BEA-A42D-21E336BE825B}.Debug|Any CPU.Build.0 = Debug|Any CPU
		{EA2C574E-0400-4BEA-A42D-21E336BE825B}.Release|Any CPU.ActiveCfg = Release|Any CPU
		{EA2C574E-0400-4BEA-A42D-21E336BE825B}.Release|Any CPU.Build.0 = Release|Any CPU
	EndGlobalSection
	GlobalSection(SolutionProperties) = preSolution
		HideSolutionNode = FALSE
	EndGlobalSection
	GlobalSection(ExtensibilityGlobals) = postSolution
		SolutionGuid = {7E517033-41B7-4B1F-91FD-D59951E345D6}
	EndGlobalSection
EndGlobal
